
Microsoft Visual Studio Solution File, Format Version 12.00
# Visual Studio Version 17
VisualStudioVersion = 17.12.35527.113
MinimumVisualStudioVersion = 10.0.40219.1
Project("{2150E333-8FDC-42A3-9474-1A3956D46DE8}") = "Common", "Common", "{1E474CED-442E-44F4-BC7E-CC1B54032BFC}"
EndProject
Project("{2150E333-8FDC-42A3-9474-1A3956D46DE8}") = "Servers", "Servers", "{1BB177D3-C000-429D-8B52-E7491FCB5C49}"
EndProject
Project("{2150E333-8FDC-42A3-9474-1A3956D46DE8}") = "Logic", "Logic", "{EFF9C90B-1589-410D-BE93-36B04811D2C4}"
EndProject
Project("{2150E333-8FDC-42A3-9474-1A3956D46DE8}") = "Repository", "Repository", "{D82E3BED-F577-4E2D-BCFB-1E0173F1FE8F}"
EndProject
Project("{FAE04EC0-301F-11D3-BF4B-00C04F79EFBC}") = "Rira.BackEnd.SeniorTask.Dtos", "Common\Rira.BackEnd.SeniorTask.Dtos\Rira.BackEnd.SeniorTask.Dtos.csproj", "{AB289BD6-A0A1-40A1-858B-7392B00032A3}"
EndProject
Project("{FAE04EC0-301F-11D3-BF4B-00C04F79EFBC}") = "Rira.BackEnd.SeniorTask.Entity", "Common\Rira.BackEnd.SeniorTask.Entity\Rira.BackEnd.SeniorTask.Entity.csproj", "{4066526C-E7B3-4C8B-97D4-325E2DD683D2}"
EndProject
Project("{FAE04EC0-301F-11D3-BF4B-00C04F79EFBC}") = "Rira.BackEnd.SeniorTask.Logic", "Logic\Rira.BackEnd.SeniorTask.Logic\Rira.BackEnd.SeniorTask.Logic.csproj", "{F6AFEBA2-18F5-4CAE-9A6D-7017863AF9ED}"
EndProject
Project("{FAE04EC0-301F-11D3-BF4B-00C04F79EFBC}") = "Rira.BackEnd.SeniorTask.Repository", "Repository\Rira.BackEnd.SeniorTask.Repository\Rira.BackEnd.SeniorTask.Repository.csproj", "{77907156-980B-46FD-8D78-004F91586161}"
EndProject
Project("{FAE04EC0-301F-11D3-BF4B-00C04F79EFBC}") = "Rira.BackEnd.SeniorTask.RepositoryEFImpl", "Repository\Rira.BackEnd.SeniorTask.RepositoryEFImpl\Rira.BackEnd.SeniorTask.RepositoryEFImpl.csproj", "{6B2B1FCB-503B-4EAF-A217-B9589E4C36FE}"
EndProject
Project("{FAE04EC0-301F-11D3-BF4B-00C04F79EFBC}") = "Rira.BackEnd.SeniorTask.gRPC", "Servers\gRPC\Rira.BackEnd.SeniorTask.gRPC.csproj", "{FC6B5C91-866D-4B4F-8029-CF8C52CE9632}"
EndProject
Project("{2150E333-8FDC-42A3-9474-1A3956D46DE8}") = "Solution Items", "Solution Items", "{5AC2D601-C681-47EE-8401-D807A02D4371}"
	ProjectSection(SolutionItems) = preProject
		..\READE.md = ..\READE.md
	EndProjectSection
EndProject
Global
	GlobalSection(SolutionConfigurationPlatforms) = preSolution
		Debug|Any CPU = Debug|Any CPU
		Release|Any CPU = Release|Any CPU
	EndGlobalSection
	GlobalSection(ProjectConfigurationPlatforms) = postSolution
		{AB289BD6-A0A1-40A1-858B-7392B00032A3}.Debug|Any CPU.ActiveCfg = Debug|Any CPU
		{AB289BD6-A0A1-40A1-858B-7392B00032A3}.Debug|Any CPU.Build.0 = Debug|Any CPU
		{AB289BD6-A0A1-40A1-858B-7392B00032A3}.Release|Any CPU.ActiveCfg = Release|Any CPU
		{AB289BD6-A0A1-40A1-858B-7392B00032A3}.Release|Any CPU.Build.0 = Release|Any CPU
		{4066526C-E7B3-4C8B-97D4-325E2DD683D2}.Debug|Any CPU.ActiveCfg = Debug|Any CPU
		{4066526C-E7B3-4C8B-97D4-325E2DD683D2}.Debug|Any CPU.Build.0 = Debug|Any CPU
		{4066526C-E7B3-4C8B-97D4-325E2DD683D2}.Release|Any CPU.ActiveCfg = Release|Any CPU
		{4066526C-E7B3-4C8B-97D4-325E2DD683D2}.Release|Any CPU.Build.0 = Release|Any CPU
		{F6AFEBA2-18F5-4CAE-9A6D-7017863AF9ED}.Debug|Any CPU.ActiveCfg = Debug|Any CPU
		{F6AFEBA2-18F5-4CAE-9A6D-7017863AF9ED}.Debug|Any CPU.Build.0 = Debug|Any CPU
		{F6AFEBA2-18F5-4CAE-9A6D-7017863AF9ED}.Release|Any CPU.ActiveCfg = Release|Any CPU
		{F6AFEBA2-18F5-4CAE-9A6D-7017863AF9ED}.Release|Any CPU.Build.0 = Release|Any CPU
		{77907156-980B-46FD-8D78-004F91586161}.Debug|Any CPU.ActiveCfg = Debug|Any CPU
		{77907156-980B-46FD-8D78-004F91586161}.Debug|Any CPU.Build.0 = Debug|Any CPU
		{77907156-980B-46FD-8D78-004F91586161}.Release|Any CPU.ActiveCfg = Release|Any CPU
		{77907156-980B-46FD-8D78-004F91586161}.Release|Any CPU.Build.0 = Release|Any CPU
		{6B2B1FCB-503B-4EAF-A217-B9589E4C36FE}.Debug|Any CPU.ActiveCfg = Debug|Any CPU
		{6B2B1FCB-503B-4EAF-A217-B9589E4C36FE}.Debug|Any CPU.Build.0 = Debug|Any CPU
		{6B2B1FCB-503B-4EAF-A217-B9589E4C36FE}.Release|Any CPU.ActiveCfg = Release|Any CPU
		{6B2B1FCB-503B-4EAF-A217-B9589E4C36FE}.Release|Any CPU.Build.0 = Release|Any CPU
		{FC6B5C91-866D-4B4F-8029-CF8C52CE9632}.Debug|Any CPU.ActiveCfg = Debug|Any CPU
		{FC6B5C91-866D-4B4F-8029-CF8C52CE9632}.Debug|Any CPU.Build.0 = Debug|Any CPU
		{FC6B5C91-866D-4B4F-8029-CF8C52CE9632}.Release|Any CPU.ActiveCfg = Release|Any CPU
		{FC6B5C91-866D-4B4F-8029-CF8C52CE9632}.Release|Any CPU.Build.0 = Release|Any CPU
	EndGlobalSection
	GlobalSection(SolutionProperties) = preSolution
		HideSolutionNode = FALSE
	EndGlobalSection
	GlobalSection(NestedProjects) = preSolution
		{AB289BD6-A0A1-40A1-858B-7392B00032A3} = {1E474CED-442E-44F4-BC7E-CC1B54032BFC}
		{4066526C-E7B3-4C8B-97D4-325E2DD683D2} = {1E474CED-442E-44F4-BC7E-CC1B54032BFC}
		{F6AFEBA2-18F5-4CAE-9A6D-7017863AF9ED} = {EFF9C90B-1589-410D-BE93-36B04811D2C4}
		{77907156-980B-46FD-8D78-004F91586161} = {D82E3BED-F577-4E2D-BCFB-1E0173F1FE8F}
		{6B2B1FCB-503B-4EAF-A217-B9589E4C36FE} = {D82E3BED-F577-4E2D-BCFB-1E0173F1FE8F}
		{FC6B5C91-866D-4B4F-8029-CF8C52CE9632} = {1BB177D3-C000-429D-8B52-E7491FCB5C49}
	EndGlobalSection
EndGlobal
